// !$*UTF8*$!
{
	archiveVersion = 1;
	classes = {
	};
	objectVersion = 50;
	objects = {

/* Begin PBXBuildFile section */
		42E54D45261BDFCF00AF19D2 /* UtilitiesManager.swift in Sources */ = {isa = PBXBuildFile; fileRef = 42E54D44261BDFCF00AF19D2 /* UtilitiesManager.swift */; };
		42FACCFF261BD9E4001409A0 /* AppDelegate.swift in Sources */ = {isa = PBXBuildFile; fileRef = 42FACCFE261BD9E4001409A0 /* AppDelegate.swift */; };
		42FACD01261BD9E4001409A0 /* SceneDelegate.swift in Sources */ = {isa = PBXBuildFile; fileRef = 42FACD00261BD9E4001409A0 /* SceneDelegate.swift */; };
		42FACD03261BD9E4001409A0 /* ViewController.swift in Sources */ = {isa = PBXBuildFile; fileRef = 42FACD02261BD9E4001409A0 /* ViewController.swift */; };
		42FACD06261BD9E4001409A0 /* Main.storyboard in Resources */ = {isa = PBXBuildFile; fileRef = 42FACD04261BD9E4001409A0 /* Main.storyboard */; };
		42FACD08261BD9E8001409A0 /* Assets.xcassets in Resources */ = {isa = PBXBuildFile; fileRef = 42FACD07261BD9E8001409A0 /* Assets.xcassets */; };
		42FACD0B261BD9E8001409A0 /* LaunchScreen.storyboard in Resources */ = {isa = PBXBuildFile; fileRef = 42FACD09261BD9E8001409A0 /* LaunchScreen.storyboard */; };
		42FACD16261BD9E9001409A0 /* SpaceGameTests.swift in Sources */ = {isa = PBXBuildFile; fileRef = 42FACD15261BD9E9001409A0 /* SpaceGameTests.swift */; };
		42FACD21261BD9E9001409A0 /* SpaceGameUITests.swift in Sources */ = {isa = PBXBuildFile; fileRef = 42FACD20261BD9E9001409A0 /* SpaceGameUITests.swift */; };
/* End PBXBuildFile section */

/* Begin PBXContainerItemProxy section */
		42FACD12261BD9E9001409A0 /* PBXContainerItemProxy */ = {
			isa = PBXContainerItemProxy;
			containerPortal = 42FACCF3261BD9E4001409A0 /* Project object */;
			proxyType = 1;
			remoteGlobalIDString = 42FACCFA261BD9E4001409A0;
			remoteInfo = SpaceGame;
		};
		42FACD1D261BD9E9001409A0 /* PBXContainerItemProxy */ = {
			isa = PBXContainerItemProxy;
			containerPortal = 42FACCF3261BD9E4001409A0 /* Project object */;
			proxyType = 1;
			remoteGlobalIDString = 42FACCFA261BD9E4001409A0;
			remoteInfo = SpaceGame;
		};
/* End PBXContainerItemProxy section */

/* Begin PBXFileReference section */
		42E54D44261BDFCF00AF19D2 /* UtilitiesManager.swift */ = {isa = PBXFileReference; lastKnownFileType = sourcecode.swift; path = UtilitiesManager.swift; sourceTree = "<group>"; };
		42FACCFB261BD9E4001409A0 /* SpaceGame.app */ = {isa = PBXFileReference; explicitFileType = wrapper.application; includeInIndex = 0; path = SpaceGame.app; sourceTree = BUILT_PRODUCTS_DIR; };
		42FACCFE261BD9E4001409A0 /* AppDelegate.swift */ = {isa = PBXFileReference; lastKnownFileType = sourcecode.swift; path = AppDelegate.swift; sourceTree = "<group>"; };
		42FACD00261BD9E4001409A0 /* SceneDelegate.swift */ = {isa = PBXFileReference; lastKnownFileType = sourcecode.swift; path = SceneDelegate.swift; sourceTree = "<group>"; };
		42FACD02261BD9E4001409A0 /* ViewController.swift */ = {isa = PBXFileReference; lastKnownFileType = sourcecode.swift; path = ViewController.swift; sourceTree = "<group>"; };
		42FACD05261BD9E4001409A0 /* Base */ = {isa = PBXFileReference; lastKnownFileType = file.storyboard; name = Base; path = Base.lproj/Main.storyboard; sourceTree = "<group>"; };
		42FACD07261BD9E8001409A0 /* Assets.xcassets */ = {isa = PBXFileReference; lastKnownFileType = folder.assetcatalog; path = Assets.xcassets; sourceTree = "<group>"; };
		42FACD0A261BD9E8001409A0 /* Base */ = {isa = PBXFileReference; lastKnownFileType = file.storyboard; name = Base; path = Base.lproj/LaunchScreen.storyboard; sourceTree = "<group>"; };
		42FACD0C261BD9E8001409A0 /* Info.plist */ = {isa = PBXFileReference; lastKnownFileType = text.plist.xml; path = Info.plist; sourceTree = "<group>"; };
		42FACD11261BD9E9001409A0 /* SpaceGameTests.xctest */ = {isa = PBXFileReference; explicitFileType = wrapper.cfbundle; includeInIndex = 0; path = SpaceGameTests.xctest; sourceTree = BUILT_PRODUCTS_DIR; };
		42FACD15261BD9E9001409A0 /* SpaceGameTests.swift */ = {isa = PBXFileReference; lastKnownFileType = sourcecode.swift; path = SpaceGameTests.swift; sourceTree = "<group>"; };
		42FACD17261BD9E9001409A0 /* Info.plist */ = {isa = PBXFileReference; lastKnownFileType = text.plist.xml; path = Info.plist; sourceTree = "<group>"; };
		42FACD1C261BD9E9001409A0 /* SpaceGameUITests.xctest */ = {isa = PBXFileReference; explicitFileType = wrapper.cfbundle; includeInIndex = 0; path = SpaceGameUITests.xctest; sourceTree = BUILT_PRODUCTS_DIR; };
		42FACD20261BD9E9001409A0 /* SpaceGameUITests.swift */ = {isa = PBXFileReference; lastKnownFileType = sourcecode.swift; path = SpaceGameUITests.swift; sourceTree = "<group>"; };
		42FACD22261BD9E9001409A0 /* Info.plist */ = {isa = PBXFileReference; lastKnownFileType = text.plist.xml; path = Info.plist; sourceTree = "<group>"; };
/* End PBXFileReference section */

/* Begin PBXFrameworksBuildPhase section */
		42FACCF8261BD9E4001409A0 /* Frameworks */ = {
			isa = PBXFrameworksBuildPhase;
			buildActionMask = 2147483647;
			files = (
			);
			runOnlyForDeploymentPostprocessing = 0;
		};
		42FACD0E261BD9E9001409A0 /* Frameworks */ = {
			isa = PBXFrameworksBuildPhase;
			buildActionMask = 2147483647;
			files = (
			);
			runOnlyForDeploymentPostprocessing = 0;
		};
		42FACD19261BD9E9001409A0 /* Frameworks */ = {
			isa = PBXFrameworksBuildPhase;
			buildActionMask = 2147483647;
			files = (
			);
			runOnlyForDeploymentPostprocessing = 0;
		};
/* End PBXFrameworksBuildPhase section */

/* Begin PBXGroup section */
		42FACCF2261BD9E4001409A0 = {
			isa = PBXGroup;
			children = (
				42FACCFD261BD9E4001409A0 /* SpaceGame */,
				42FACD14261BD9E9001409A0 /* SpaceGameTests */,
				42FACD1F261BD9E9001409A0 /* SpaceGameUITests */,
				42FACCFC261BD9E4001409A0 /* Products */,
			);
			sourceTree = "<group>";
		};
		42FACCFC261BD9E4001409A0 /* Products */ = {
			isa = PBXGroup;
			children = (
				42FACCFB261BD9E4001409A0 /* SpaceGame.app */,
				42FACD11261BD9E9001409A0 /* SpaceGameTests.xctest */,
				42FACD1C261BD9E9001409A0 /* SpaceGameUITests.xctest */,
			);
			name = Products;
			sourceTree = "<group>";
		};
		42FACCFD261BD9E4001409A0 /* SpaceGame */ = {
			isa = PBXGroup;
			children = (
				42FACCFE261BD9E4001409A0 /* AppDelegate.swift */,
				42FACD00261BD9E4001409A0 /* SceneDelegate.swift */,
				42FACD02261BD9E4001409A0 /* ViewController.swift */,
				42E54D44261BDFCF00AF19D2 /* UtilitiesManager.swift */,
				42FACD04261BD9E4001409A0 /* Main.storyboard */,
				42FACD07261BD9E8001409A0 /* Assets.xcassets */,
				42FACD09261BD9E8001409A0 /* LaunchScreen.storyboard */,
				42FACD0C261BD9E8001409A0 /* Info.plist */,
			);
			path = SpaceGame;
			sourceTree = "<group>";
		};
		42FACD14261BD9E9001409A0 /* SpaceGameTests */ = {
			isa = PBXGroup;
			children = (
				42FACD15261BD9E9001409A0 /* SpaceGameTests.swift */,
				42FACD17261BD9E9001409A0 /* Info.plist */,
			);
			path = SpaceGameTests;
			sourceTree = "<group>";
		};
		42FACD1F261BD9E9001409A0 /* SpaceGameUITests */ = {
			isa = PBXGroup;
			children = (
				42FACD20261BD9E9001409A0 /* SpaceGameUITests.swift */,
				42FACD22261BD9E9001409A0 /* Info.plist */,
			);
			path = SpaceGameUITests;
			sourceTree = "<group>";
		};
/* End PBXGroup section */

/* Begin PBXNativeTarget section */
		42FACCFA261BD9E4001409A0 /* SpaceGame */ = {
			isa = PBXNativeTarget;
			buildConfigurationList = 42FACD25261BD9E9001409A0 /* Build configuration list for PBXNativeTarget "SpaceGame" */;
			buildPhases = (
				42FACCF7261BD9E4001409A0 /* Sources */,
				42FACCF8261BD9E4001409A0 /* Frameworks */,
				42FACCF9261BD9E4001409A0 /* Resources */,
			);
			buildRules = (
			);
			dependencies = (
			);
			name = SpaceGame;
			productName = SpaceGame;
			productReference = 42FACCFB261BD9E4001409A0 /* SpaceGame.app */;
			productType = "com.apple.product-type.application";
		};
		42FACD10261BD9E9001409A0 /* SpaceGameTests */ = {
			isa = PBXNativeTarget;
			buildConfigurationList = 42FACD28261BD9E9001409A0 /* Build configuration list for PBXNativeTarget "SpaceGameTests" */;
			buildPhases = (
				42FACD0D261BD9E9001409A0 /* Sources */,
				42FACD0E261BD9E9001409A0 /* Frameworks */,
				42FACD0F261BD9E9001409A0 /* Resources */,
			);
			buildRules = (
			);
			dependencies = (
				42FACD13261BD9E9001409A0 /* PBXTargetDependency */,
			);
			name = SpaceGameTests;
			productName = SpaceGameTests;
			productReference = 42FACD11261BD9E9001409A0 /* SpaceGameTests.xctest */;
			productType = "com.apple.product-type.bundle.unit-test";
		};
		42FACD1B261BD9E9001409A0 /* SpaceGameUITests */ = {
			isa = PBXNativeTarget;
			buildConfigurationList = 42FACD2B261BD9E9001409A0 /* Build configuration list for PBXNativeTarget "SpaceGameUITests" */;
			buildPhases = (
				42FACD18261BD9E9001409A0 /* Sources */,
				42FACD19261BD9E9001409A0 /* Frameworks */,
				42FACD1A261BD9E9001409A0 /* Resources */,
			);
			buildRules = (
			);
			dependencies = (
				42FACD1E261BD9E9001409A0 /* PBXTargetDependency */,
			);
			name = SpaceGameUITests;
			productName = SpaceGameUITests;
			productReference = 42FACD1C261BD9E9001409A0 /* SpaceGameUITests.xctest */;
			productType = "com.apple.product-type.bundle.ui-testing";
		};
/* End PBXNativeTarget section */

/* Begin PBXProject section */
		42FACCF3261BD9E4001409A0 /* Project object */ = {
			isa = PBXProject;
			attributes = {
				LastSwiftUpdateCheck = 1240;
				LastUpgradeCheck = 1240;
				TargetAttributes = {
					42FACCFA261BD9E4001409A0 = {
						CreatedOnToolsVersion = 12.4;
					};
					42FACD10261BD9E9001409A0 = {
						CreatedOnToolsVersion = 12.4;
						TestTargetID = 42FACCFA261BD9E4001409A0;
					};
					42FACD1B261BD9E9001409A0 = {
						CreatedOnToolsVersion = 12.4;
						TestTargetID = 42FACCFA261BD9E4001409A0;
					};
				};
			};
			buildConfigurationList = 42FACCF6261BD9E4001409A0 /* Build configuration list for PBXProject "SpaceGame" */;
			compatibilityVersion = "Xcode 9.3";
			developmentRegion = en;
			hasScannedForEncodings = 0;
			knownRegions = (
				en,
				Base,
			);
			mainGroup = 42FACCF2261BD9E4001409A0;
			productRefGroup = 42FACCFC261BD9E4001409A0 /* Products */;
			projectDirPath = "";
			projectRoot = "";
			targets = (
				42FACCFA261BD9E4001409A0 /* SpaceGame */,
				42FACD10261BD9E9001409A0 /* SpaceGameTests */,
				42FACD1B261BD9E9001409A0 /* SpaceGameUITests */,
			);
		};
/* End PBXProject section */

/* Begin PBXResourcesBuildPhase section */
		42FACCF9261BD9E4001409A0 /* Resources */ = {
			isa = PBXResourcesBuildPhase;
			buildActionMask = 2147483647;
			files = (
				42FACD0B261BD9E8001409A0 /* LaunchScreen.storyboard in Resources */,
				42FACD08261BD9E8001409A0 /* Assets.xcassets in Resources */,
				42FACD06261BD9E4001409A0 /* Main.storyboard in Resources */,
			);
			runOnlyForDeploymentPostprocessing = 0;
		};
		42FACD0F261BD9E9001409A0 /* Resources */ = {
			isa = PBXResourcesBuildPhase;
			buildActionMask = 2147483647;
			files = (
			);
			runOnlyForDeploymentPostprocessing = 0;
		};
		42FACD1A261BD9E9001409A0 /* Resources */ = {
			isa = PBXResourcesBuildPhase;
			buildActionMask = 2147483647;
			files = (
			);
			runOnlyForDeploymentPostprocessing = 0;
		};
/* End PBXResourcesBuildPhase section */

/* Begin PBXSourcesBuildPhase section */
		42FACCF7261BD9E4001409A0 /* Sources */ = {
			isa = PBXSourcesBuildPhase;
			buildActionMask = 2147483647;
			files = (
				42E54D45261BDFCF00AF19D2 /* UtilitiesManager.swift in Sources */,
				42FACD03261BD9E4001409A0 /* ViewController.swift in Sources */,
				42FACCFF261BD9E4001409A0 /* AppDelegate.swift in Sources */,
				42FACD01261BD9E4001409A0 /* SceneDelegate.swift in Sources */,
			);
			runOnlyForDeploymentPostprocessing = 0;
		};
		42FACD0D261BD9E9001409A0 /* Sources */ = {
			isa = PBXSourcesBuildPhase;
			buildActionMask = 2147483647;
			files = (
				42FACD16261BD9E9001409A0 /* SpaceGameTests.swift in Sources */,
			);
			runOnlyForDeploymentPostprocessing = 0;
		};
		42FACD18261BD9E9001409A0 /* Sources */ = {
			isa = PBXSourcesBuildPhase;
			buildActionMask = 2147483647;
			files = (
				42FACD21261BD9E9001409A0 /* SpaceGameUITests.swift in Sources */,
			);
			runOnlyForDeploymentPostprocessing = 0;
		};
/* End PBXSourcesBuildPhase section */

/* Begin PBXTargetDependency section */
		42FACD13261BD9E9001409A0 /* PBXTargetDependency */ = {
			isa = PBXTargetDependency;
			target = 42FACCFA261BD9E4001409A0 /* SpaceGame */;
			targetProxy = 42FACD12261BD9E9001409A0 /* PBXContainerItemProxy */;
		};
		42FACD1E261BD9E9001409A0 /* PBXTargetDependency */ = {
			isa = PBXTargetDependency;
			target = 42FACCFA261BD9E4001409A0 /* SpaceGame */;
			targetProxy = 42FACD1D261BD9E9001409A0 /* PBXContainerItemProxy */;
		};
/* End PBXTargetDependency section */

/* Begin PBXVariantGroup section */
		42FACD04261BD9E4001409A0 /* Main.storyboard */ = {
			isa = PBXVariantGroup;
			children = (
				42FACD05261BD9E4001409A0 /* Base */,
			);
			name = Main.storyboard;
			sourceTree = "<group>";
		};
		42FACD09261BD9E8001409A0 /* LaunchScreen.storyboard */ = {
			isa = PBXVariantGroup;
			children = (
				42FACD0A261BD9E8001409A0 /* Base */,
			);
			name = LaunchScreen.storyboard;
			sourceTree = "<group>";
		};
/* End PBXVariantGroup section */

/* Begin XCBuildConfiguration section */
		42FACD23261BD9E9001409A0 /* Debug */ = {
			isa = XCBuildConfiguration;
			buildSettings = {
				ALWAYS_SEARCH_USER_PATHS = NO;
				CLANG_ANALYZER_NONNULL = YES;
				CLANG_ANALYZER_NUMBER_OBJECT_CONVERSION = YES_AGGRESSIVE;
				CLANG_CXX_LANGUAGE_STANDARD = "gnu++14";
				CLANG_CXX_LIBRARY = "libc++";
				CLANG_ENABLE_MODULES = YES;
				CLANG_ENABLE_OBJC_ARC = YES;
				CLANG_ENABLE_OBJC_WEAK = YES;
				CLANG_WARN_BLOCK_CAPTURE_AUTORELEASING = YES;
				CLANG_WARN_BOOL_CONVERSION = YES;
				CLANG_WARN_COMMA = YES;
				CLANG_WARN_CONSTANT_CONVERSION = YES;
				CLANG_WARN_DEPRECATED_OBJC_IMPLEMENTATIONS = YES;
				CLANG_WARN_DIRECT_OBJC_ISA_USAGE = YES_ERROR;
				CLANG_WARN_DOCUMENTATION_COMMENTS = YES;
				CLANG_WARN_EMPTY_BODY = YES;
				CLANG_WARN_ENUM_CONVERSION = YES;
				CLANG_WARN_INFINITE_RECURSION = YES;
				CLANG_WARN_INT_CONVERSION = YES;
				CLANG_WARN_NON_LITERAL_NULL_CONVERSION = YES;
				CLANG_WARN_OBJC_IMPLICIT_RETAIN_SELF = YES;
				CLANG_WARN_OBJC_LITERAL_CONVERSION = YES;
				CLANG_WARN_OBJC_ROOT_CLASS = YES_ERROR;
				CLANG_WARN_QUOTED_INCLUDE_IN_FRAMEWORK_HEADER = YES;
				CLANG_WARN_RANGE_LOOP_ANALYSIS = YES;
				CLANG_WARN_STRICT_PROTOTYPES = YES;
				CLANG_WARN_SUSPICIOUS_MOVE = YES;
				CLANG_WARN_UNGUARDED_AVAILABILITY = YES_AGGRESSIVE;
				CLANG_WARN_UNREACHABLE_CODE = YES;
				CLANG_WARN__DUPLICATE_METHOD_MATCH = YES;
				COPY_PHASE_STRIP = NO;
				DEBUG_INFORMATION_FORMAT = dwarf;
				ENABLE_STRICT_OBJC_MSGSEND = YES;
				ENABLE_TESTABILITY = YES;
				GCC_C_LANGUAGE_STANDARD = gnu11;
				GCC_DYNAMIC_NO_PIC = NO;
				GCC_NO_COMMON_BLOCKS = YES;
				GCC_OPTIMIZATION_LEVEL = 0;
				GCC_PREPROCESSOR_DEFINITIONS = (
					"DEBUG=1",
					"$(inherited)",
				);
				GCC_WARN_64_TO_32_BIT_CONVERSION = YES;
				GCC_WARN_ABOUT_RETURN_TYPE = YES_ERROR;
				GCC_WARN_UNDECLARED_SELECTOR = YES;
				GCC_WARN_UNINITIALIZED_AUTOS = YES_AGGRESSIVE;
				GCC_WARN_UNUSED_FUNCTION = YES;
				GCC_WARN_UNUSED_VARIABLE = YES;
				IPHONEOS_DEPLOYMENT_TARGET = 14.4;
				MTL_ENABLE_DEBUG_INFO = INCLUDE_SOURCE;
				MTL_FAST_MATH = YES;
				ONLY_ACTIVE_ARCH = YES;
				SDKROOT = iphoneos;
				SWIFT_ACTIVE_COMPILATION_CONDITIONS = DEBUG;
				SWIFT_OPTIMIZATION_LEVEL = "-Onone";
			};
			name = Debug;
		};
		42FACD24261BD9E9001409A0 /* Release */ = {
			isa = XCBuildConfiguration;
			buildSettings = {
				ALWAYS_SEARCH_USER_PATHS = NO;
				CLANG_ANALYZER_NONNULL = YES;
				CLANG_ANALYZER_NUMBER_OBJECT_CONVERSION = YES_AGGRESSIVE;
				CLANG_CXX_LANGUAGE_STANDARD = "gnu++14";
				CLANG_CXX_LIBRARY = "libc++";
				CLANG_ENABLE_MODULES = YES;
				CLANG_ENABLE_OBJC_ARC = YES;
				CLANG_ENABLE_OBJC_WEAK = YES;
				CLANG_WARN_BLOCK_CAPTURE_AUTORELEASING = YES;
				CLANG_WARN_BOOL_CONVERSION = YES;
				CLANG_WARN_COMMA = YES;
				CLANG_WARN_CONSTANT_CONVERSION = YES;
				CLANG_WARN_DEPRECATED_OBJC_IMPLEMENTATIONS = YES;
				CLANG_WARN_DIRECT_OBJC_ISA_USAGE = YES_ERROR;
				CLANG_WARN_DOCUMENTATION_COMMENTS = YES;
				CLANG_WARN_EMPTY_BODY = YES;
				CLANG_WARN_ENUM_CONVERSION = YES;
				CLANG_WARN_INFINITE_RECURSION = YES;
				CLANG_WARN_INT_CONVERSION = YES;
				CLANG_WARN_NON_LITERAL_NULL_CONVERSION = YES;
				CLANG_WARN_OBJC_IMPLICIT_RETAIN_SELF = YES;
				CLANG_WARN_OBJC_LITERAL_CONVERSION = YES;
				CLANG_WARN_OBJC_ROOT_CLASS = YES_ERROR;
				CLANG_WARN_QUOTED_INCLUDE_IN_FRAMEWORK_HEADER = YES;
				CLANG_WARN_RANGE_LOOP_ANALYSIS = YES;
				CLANG_WARN_STRICT_PROTOTYPES = YES;
				CLANG_WARN_SUSPICIOUS_MOVE = YES;
				CLANG_WARN_UNGUARDED_AVAILABILITY = YES_AGGRESSIVE;
				CLANG_WARN_UNREACHABLE_CODE = YES;
				CLANG_WARN__DUPLICATE_METHOD_MATCH = YES;
				COPY_PHASE_STRIP = NO;
				DEBUG_INFORMATION_FORMAT = "dwarf-with-dsym";
				ENABLE_NS_ASSERTIONS = NO;
				ENABLE_STRICT_OBJC_MSGSEND = YES;
				GCC_C_LANGUAGE_STANDARD = gnu11;
				GCC_NO_COMMON_BLOCKS = YES;
				GCC_WARN_64_TO_32_BIT_CONVERSION = YES;
				GCC_WARN_ABOUT_RETURN_TYPE = YES_ERROR;
				GCC_WARN_UNDECLARED_SELECTOR = YES;
				GCC_WARN_UNINITIALIZED_AUTOS = YES_AGGRESSIVE;
				GCC_WARN_UNUSED_FUNCTION = YES;
				GCC_WARN_UNUSED_VARIABLE = YES;
				IPHONEOS_DEPLOYMENT_TARGET = 14.4;
				MTL_ENABLE_DEBUG_INFO = NO;
				MTL_FAST_MATH = YES;
				SDKROOT = iphoneos;
				SWIFT_COMPILATION_MODE = wholemodule;
				SWIFT_OPTIMIZATION_LEVEL = "-O";
				VALIDATE_PRODUCT = YES;
			};
			name = Release;
		};
		42FACD26261BD9E9001409A0 /* Debug */ = {
			isa = XCBuildConfiguration;
			buildSettings = {
				ASSETCATALOG_COMPILER_APPICON_NAME = AppIcon;
				ASSETCATALOG_COMPILER_GLOBAL_ACCENT_COLOR_NAME = AccentColor;
				CODE_SIGN_STYLE = Automatic;
				DEVELOPMENT_TEAM = FPAH79S6CV;
				INFOPLIST_FILE = SpaceGame/Info.plist;
				LD_RUNPATH_SEARCH_PATHS = (
					"$(inherited)",
					"@executable_path/Frameworks",
				);
				PRODUCT_BUNDLE_IDENTIFIER = com.arya.SpaceGame;
				PRODUCT_NAME = "$(TARGET_NAME)";
				SWIFT_VERSION = 5.0;
				TARGETED_DEVICE_FAMILY = "1,2";
			};
			name = Debug;
		};
		42FACD27261BD9E9001409A0 /* Release */ = {
			isa = XCBuildConfiguration;
			buildSettings = {
				ASSETCATALOG_COMPILER_APPICON_NAME = AppIcon;
				ASSETCATALOG_COMPILER_GLOBAL_ACCENT_COLOR_NAME = AccentColor;
				CODE_SIGN_STYLE = Automatic;
				DEVELOPMENT_TEAM = FPAH79S6CV;
				INFOPLIST_FILE = SpaceGame/Info.plist;
				LD_RUNPATH_SEARCH_PATHS = (
					"$(inherited)",
					"@executable_path/Frameworks",
				);
				PRODUCT_BUNDLE_IDENTIFIER = com.arya.SpaceGame;
				PRODUCT_NAME = "$(TARGET_NAME)";
				SWIFT_VERSION = 5.0;
				TARGETED_DEVICE_FAMILY = "1,2";
			};
			name = Release;
		};
		42FACD29261BD9E9001409A0 /* Debug */ = {
			isa = XCBuildConfiguration;
			buildSettings = {
				ALWAYS_EMBED_SWIFT_STANDARD_LIBRARIES = YES;
				BUNDLE_LOADER = "$(TEST_HOST)";
				CODE_SIGN_STYLE = Automatic;
				DEVELOPMENT_TEAM = FPAH79S6CV;
				INFOPLIST_FILE = SpaceGameTests/Info.plist;
				IPHONEOS_DEPLOYMENT_TARGET = 14.4;
				LD_RUNPATH_SEARCH_PATHS = (
					"$(inherited)",
					"@executable_path/Frameworks",
					"@loader_path/Frameworks",
				);
				PRODUCT_BUNDLE_IDENTIFIER = com.arya.SpaceGameTests;
				PRODUCT_NAME = "$(TARGET_NAME)";
				SWIFT_VERSION = 5.0;
				TARGETED_DEVICE_FAMILY = "1,2";
				TEST_HOST = "$(BUILT_PRODUCTS_DIR)/SpaceGame.app/SpaceGame";
			};
			name = Debug;
		};
		42FACD2A261BD9E9001409A0 /* Release */ = {
			isa = XCBuildConfiguration;
			buildSettings = {
				ALWAYS_EMBED_SWIFT_STANDARD_LIBRARIES = YES;
				BUNDLE_LOADER = "$(TEST_HOST)";
				CODE_SIGN_STYLE = Automatic;
				DEVELOPMENT_TEAM = FPAH79S6CV;
				INFOPLIST_FILE = SpaceGameTests/Info.plist;
				IPHONEOS_DEPLOYMENT_TARGET = 14.4;
				LD_RUNPATH_SEARCH_PATHS = (
					"$(inherited)",
					"@executable_path/Frameworks",
					"@loader_path/Frameworks",
				);
				PRODUCT_BUNDLE_IDENTIFIER = com.arya.SpaceGameTests;
				PRODUCT_NAME = "$(TARGET_NAME)";
				SWIFT_VERSION = 5.0;
				TARGETED_DEVICE_FAMILY = "1,2";
				TEST_HOST = "$(BUILT_PRODUCTS_DIR)/SpaceGame.app/SpaceGame";
			};
			name = Release;
		};
		42FACD2C261BD9E9001409A0 /* Debug */ = {
			isa = XCBuildConfiguration;
			buildSettings = {
				ALWAYS_EMBED_SWIFT_STANDARD_LIBRARIES = YES;
				CODE_SIGN_STYLE = Automatic;
				DEVELOPMENT_TEAM = FPAH79S6CV;
				INFOPLIST_FILE = SpaceGameUITests/Info.plist;
				LD_RUNPATH_SEARCH_PATHS = (
					"$(inherited)",
					"@executable_path/Frameworks",
					"@loader_path/Frameworks",
				);
				PRODUCT_BUNDLE_IDENTIFIER = com.arya.SpaceGameUITests;
				PRODUCT_NAME = "$(TARGET_NAME)";
				SWIFT_VERSION = 5.0;
				TARGETED_DEVICE_FAMILY = "1,2";
				TEST_TARGET_NAME = SpaceGame;
			};
			name = Debug;
		};
		42FACD2D261BD9E9001409A0 /* Release */ = {
			isa = XCBuildConfiguration;
			buildSettings = {
				ALWAYS_EMBED_SWIFT_STANDARD_LIBRARIES = YES;
				CODE_SIGN_STYLE = Automatic;
				DEVELOPMENT_TEAM = FPAH79S6CV;
				INFOPLIST_FILE = SpaceGameUITests/Info.plist;
				LD_RUNPATH_SEARCH_PATHS = (
					"$(inherited)",
					"@executable_path/Frameworks",
					"@loader_path/Frameworks",
				);
				PRODUCT_BUNDLE_IDENTIFIER = com.arya.SpaceGameUITests;
				PRODUCT_NAME = "$(TARGET_NAME)";
				SWIFT_VERSION = 5.0;
				TARGETED_DEVICE_FAMILY = "1,2";
				TEST_TARGET_NAME = SpaceGame;
			};
			name = Release;
		};
/* End XCBuildConfiguration section */

/* Begin XCConfigurationList section */
		42FACCF6261BD9E4001409A0 /* Build configuration list for PBXProject "SpaceGame" */ = {
			isa = XCConfigurationList;
			buildConfigurations = (
				42FACD23261BD9E9001409A0 /* Debug */,
				42FACD24261BD9E9001409A0 /* Release */,
			);
			defaultConfigurationIsVisible = 0;
			defaultConfigurationName = Release;
		};
		42FACD25261BD9E9001409A0 /* Build configuration list for PBXNativeTarget "SpaceGame" */ = {
			isa = XCConfigurationList;
			buildConfigurations = (
				42FACD26261BD9E9001409A0 /* Debug */,
				42FACD27261BD9E9001409A0 /* Release */,
			);
			defaultConfigurationIsVisible = 0;
			defaultConfigurationName = Release;
		};
		42FACD28261BD9E9001409A0 /* Build configuration list for PBXNativeTarget "SpaceGameTests" */ = {
			isa = XCConfigurationList;
			buildConfigurations = (
				42FACD29261BD9E9001409A0 /* Debug */,
				42FACD2A261BD9E9001409A0 /* Release */,
			);
			defaultConfigurationIsVisible = 0;
			defaultConfigurationName = Release;
		};
		42FACD2B261BD9E9001409A0 /* Build configuration list for PBXNativeTarget "SpaceGameUITests" */ = {
			isa = XCConfigurationList;
			buildConfigurations = (
				42FACD2C261BD9E9001409A0 /* Debug */,
				42FACD2D261BD9E9001409A0 /* Release */,
			);
			defaultConfigurationIsVisible = 0;
			defaultConfigurationName = Release;
		};
/* End XCConfigurationList section */
	};
	rootObject = 42FACCF3261BD9E4001409A0 /* Project object */;
}
